// !$*UTF8*$!
{
	archiveVersion = 1;
	classes = {
	};
	objectVersion = 50;
	objects = {

/* Begin PBXBuildFile section */
		0CBFA59024BC64C20077E332 /* ListCharactersPresenter.swift in Sources */ = {isa = PBXBuildFile; fileRef = 0CBFA58F24BC64C20077E332 /* ListCharactersPresenter.swift */; };
		8605EE16269FF0EF00724E70 /* NetworkingConstants.swift in Sources */ = {isa = PBXBuildFile; fileRef = 8605EE15269FF0EF00724E70 /* NetworkingConstants.swift */; };
		86350F56278BF209007800B9 /* CharacterDetailViewController.swift in Sources */ = {isa = PBXBuildFile; fileRef = 86350F55278BF208007800B9 /* CharacterDetailViewController.swift */; };
		86350F59278C0790007800B9 /* UIViewController+Alert.swift in Sources */ = {isa = PBXBuildFile; fileRef = 86350F58278C0790007800B9 /* UIViewController+Alert.swift */; };
		86350F5C278CBAFC007800B9 /* TitleInfoTableCell.swift in Sources */ = {isa = PBXBuildFile; fileRef = 86350F5B278CBAFC007800B9 /* TitleInfoTableCell.swift */; };
		866AB32628679CB900AE27F1 /* ImageInfoTableViewCell.swift in Sources */ = {isa = PBXBuildFile; fileRef = 866AB32528679CB900AE27F1 /* ImageInfoTableViewCell.swift */; };
		866AB32C28694AFC00AE27F1 /* Localizable.strings in Resources */ = {isa = PBXBuildFile; fileRef = 866AB32B28694AFC00AE27F1 /* Localizable.strings */; };
		866AB33028694DE800AE27F1 /* CharacterDetail+TableView.swift in Sources */ = {isa = PBXBuildFile; fileRef = 866AB32F28694DE800AE27F1 /* CharacterDetail+TableView.swift */; };
		866AB3382869501400AE27F1 /* CharacterDetailPresenter.swift in Sources */ = {isa = PBXBuildFile; fileRef = 866AB3372869501400AE27F1 /* CharacterDetailPresenter.swift */; };
		866AECEA27D443E90021CCF0 /* MockURLSession.swift in Sources */ = {isa = PBXBuildFile; fileRef = 866AECE827D443E90021CCF0 /* MockURLSession.swift */; };
		866AECEB27D443E90021CCF0 /* FetcherUnitTests.swift in Sources */ = {isa = PBXBuildFile; fileRef = 866AECE927D443E90021CCF0 /* FetcherUnitTests.swift */; };
		86756BC4285FE98200862F2D /* MarvelAPIConfig.swift in Sources */ = {isa = PBXBuildFile; fileRef = 86756BC3285FE98200862F2D /* MarvelAPIConfig.swift */; };
		8675E6A5299182300052B99B /* ListCharactersViewController+SearchBar.swift in Sources */ = {isa = PBXBuildFile; fileRef = 8675E6A4299182300052B99B /* ListCharactersViewController+SearchBar.swift */; };
		8679EE6827C19781007E4B8E /* UIViewController+Utilities.swift in Sources */ = {isa = PBXBuildFile; fileRef = 8679EE6727C19781007E4B8E /* UIViewController+Utilities.swift */; };
		86832CEA2862B8F900F573D9 /* CharactersModel.swift in Sources */ = {isa = PBXBuildFile; fileRef = 86832CE92862B8F900F573D9 /* CharactersModel.swift */; };
		86832CEC2866252700F573D9 /* CharacterDetailViewController+SetupView.swift in Sources */ = {isa = PBXBuildFile; fileRef = 86832CEB2866252700F573D9 /* CharacterDetailViewController+SetupView.swift */; };
		86AB609127A05F3E00052A38 /* URLSession+Protocol.swift in Sources */ = {isa = PBXBuildFile; fileRef = 86AB609027A05F3E00052A38 /* URLSession+Protocol.swift */; };
		86CFE32729C0CD3100B419BC /* ListCharactersViewController+SearchBar.swift in Sources */ = {isa = PBXBuildFile; fileRef = 8675E6A4299182300052B99B /* ListCharactersViewController+SearchBar.swift */; };
		86CFE32829C0D25800B419BC /* ListCharactersViewController.swift in Sources */ = {isa = PBXBuildFile; fileRef = 8A317F0C24631ADE009E2B23 /* ListCharactersViewController.swift */; };
		86CFE32929C0D26600B419BC /* CharactersModel.swift in Sources */ = {isa = PBXBuildFile; fileRef = 86832CE92862B8F900F573D9 /* CharactersModel.swift */; };
		86CFE32A29C0D8A200B419BC /* Fetcher.swift in Sources */ = {isa = PBXBuildFile; fileRef = 8A12C0D7246ED95C00316518 /* Fetcher.swift */; };
		86CFE32B29C0D8B500B419BC /* CharactersService.swift in Sources */ = {isa = PBXBuildFile; fileRef = D18F12D0274E9725002A2E52 /* CharactersService.swift */; };
		86CFE32C29C0D91300B419BC /* ListCharactersPresenter.swift in Sources */ = {isa = PBXBuildFile; fileRef = 0CBFA58F24BC64C20077E332 /* ListCharactersPresenter.swift */; };
		86CFE32D29C0D92900B419BC /* UIViewController+Utilities.swift in Sources */ = {isa = PBXBuildFile; fileRef = 8679EE6727C19781007E4B8E /* UIViewController+Utilities.swift */; };
		86CFE32E29C0D93400B419BC /* CharacterDetailPresenter.swift in Sources */ = {isa = PBXBuildFile; fileRef = 866AB3372869501400AE27F1 /* CharacterDetailPresenter.swift */; };
		86CFE32F29C0D93F00B419BC /* UIViewController+Alert.swift in Sources */ = {isa = PBXBuildFile; fileRef = 86350F58278C0790007800B9 /* UIViewController+Alert.swift */; };
		86CFE33029C0D94200B419BC /* URLSession+Protocol.swift in Sources */ = {isa = PBXBuildFile; fileRef = 86AB609027A05F3E00052A38 /* URLSession+Protocol.swift */; };
		86CFE33129C0D94600B419BC /* NetworkingConstants.swift in Sources */ = {isa = PBXBuildFile; fileRef = 8605EE15269FF0EF00724E70 /* NetworkingConstants.swift */; };
		86CFE33229C0D94900B419BC /* MarvelAPIConfig.swift in Sources */ = {isa = PBXBuildFile; fileRef = 86756BC3285FE98200862F2D /* MarvelAPIConfig.swift */; };
		86CFE33329C0D96200B419BC /* CharacterDetailViewController.swift in Sources */ = {isa = PBXBuildFile; fileRef = 86350F55278BF208007800B9 /* CharacterDetailViewController.swift */; };
		86CFE33429C0D99400B419BC /* CharacterDetailViewController+SetupView.swift in Sources */ = {isa = PBXBuildFile; fileRef = 86832CEB2866252700F573D9 /* CharacterDetailViewController+SetupView.swift */; };
		86CFE33529C0D9A200B419BC /* TitleInfoTableCell.swift in Sources */ = {isa = PBXBuildFile; fileRef = 86350F5B278CBAFC007800B9 /* TitleInfoTableCell.swift */; };
		86CFE33629C0D9AF00B419BC /* ImageInfoTableViewCell.swift in Sources */ = {isa = PBXBuildFile; fileRef = 866AB32528679CB900AE27F1 /* ImageInfoTableViewCell.swift */; };
		86CFE33729C0DA4500B419BC /* CharacterDetail+TableView.swift in Sources */ = {isa = PBXBuildFile; fileRef = 866AB32F28694DE800AE27F1 /* CharacterDetail+TableView.swift */; };
		86EB4A232992EDE200A5A08B /* characters.json in Resources */ = {isa = PBXBuildFile; fileRef = 866AB32D28694B3100AE27F1 /* characters.json */; };
		86EB4A282993658300A5A08B /* ListCharactersViewController+TableView.swift in Sources */ = {isa = PBXBuildFile; fileRef = 86EB4A272993658300A5A08B /* ListCharactersViewController+TableView.swift */; };
		86EB4A292993658300A5A08B /* ListCharactersViewController+TableView.swift in Sources */ = {isa = PBXBuildFile; fileRef = 86EB4A272993658300A5A08B /* ListCharactersViewController+TableView.swift */; };
		86EB4A30299372CF00A5A08B /* Colors.swift in Sources */ = {isa = PBXBuildFile; fileRef = 86EB4A2F299372CF00A5A08B /* Colors.swift */; };
		86EB4A31299372CF00A5A08B /* Colors.swift in Sources */ = {isa = PBXBuildFile; fileRef = 86EB4A2F299372CF00A5A08B /* Colors.swift */; };
		86FEED74280F2AB700FDC49E /* ListCharactersPresenterUnitTests.swift in Sources */ = {isa = PBXBuildFile; fileRef = 86FEED73280F2AB700FDC49E /* ListCharactersPresenterUnitTests.swift */; };
		86FEED77280F53C500FDC49E /* MockCharactersService.swift in Sources */ = {isa = PBXBuildFile; fileRef = 86FEED75280F53C500FDC49E /* MockCharactersService.swift */; };
		86FEED78280F53C500FDC49E /* MockListCharactersVC.swift in Sources */ = {isa = PBXBuildFile; fileRef = 86FEED76280F53C500FDC49E /* MockListCharactersVC.swift */; };
		86FEED7D280F8BF600FDC49E /* ListCharactersViewControllerUnitTests.swift in Sources */ = {isa = PBXBuildFile; fileRef = 86FEED7C280F8BF600FDC49E /* ListCharactersViewControllerUnitTests.swift */; };
		86FEED7F280F8DE100FDC49E /* MockListCharactersPresenter.swift in Sources */ = {isa = PBXBuildFile; fileRef = 86FEED7E280F8DE100FDC49E /* MockListCharactersPresenter.swift */; };
		8A12C0D8246ED95C00316518 /* Fetcher.swift in Sources */ = {isa = PBXBuildFile; fileRef = 8A12C0D7246ED95C00316518 /* Fetcher.swift */; };
		8A151A452465D7B4000FBA74 /* Assets.xcassets in Resources */ = {isa = PBXBuildFile; fileRef = 8A151A442465D7B4000FBA74 /* Assets.xcassets */; };
		8A1BCBFD245F67C300AB1E0B /* AppDelegate.swift in Sources */ = {isa = PBXBuildFile; fileRef = 8A1BCBFC245F67C300AB1E0B /* AppDelegate.swift */; };
		8A1BCBFF245F67C300AB1E0B /* SceneDelegate.swift in Sources */ = {isa = PBXBuildFile; fileRef = 8A1BCBFE245F67C300AB1E0B /* SceneDelegate.swift */; };
		8A1BCC09245F67C400AB1E0B /* LaunchScreen.storyboard in Resources */ = {isa = PBXBuildFile; fileRef = 8A1BCC07245F67C400AB1E0B /* LaunchScreen.storyboard */; };
		8A317F0D24631ADE009E2B23 /* ListCharactersViewController.swift in Sources */ = {isa = PBXBuildFile; fileRef = 8A317F0C24631ADE009E2B23 /* ListCharactersViewController.swift */; };
		D18F12D1274E9725002A2E52 /* CharactersService.swift in Sources */ = {isa = PBXBuildFile; fileRef = D18F12D0274E9725002A2E52 /* CharactersService.swift */; };
/* End PBXBuildFile section */

/* Begin PBXContainerItemProxy section */
		866AECDC27D415F50021CCF0 /* PBXContainerItemProxy */ = {
			isa = PBXContainerItemProxy;
			containerPortal = 8A1BCBF1245F67C300AB1E0B /* Project object */;
			proxyType = 1;
			remoteGlobalIDString = 8A1BCBF8245F67C300AB1E0B;
			remoteInfo = "Dragon Riders";
		};
/* End PBXContainerItemProxy section */

/* Begin PBXFileReference section */
		0C3CB37F24C4C49B008EB4FB /* Info.plist */ = {isa = PBXFileReference; fileEncoding = 4; lastKnownFileType = text.plist.xml; path = Info.plist; sourceTree = "<group>"; };
		0CBFA58F24BC64C20077E332 /* ListCharactersPresenter.swift */ = {isa = PBXFileReference; lastKnownFileType = sourcecode.swift; path = ListCharactersPresenter.swift; sourceTree = "<group>"; };
		8605EE15269FF0EF00724E70 /* NetworkingConstants.swift */ = {isa = PBXFileReference; lastKnownFileType = sourcecode.swift; path = NetworkingConstants.swift; sourceTree = "<group>"; };
		86350F55278BF208007800B9 /* CharacterDetailViewController.swift */ = {isa = PBXFileReference; lastKnownFileType = sourcecode.swift; path = CharacterDetailViewController.swift; sourceTree = "<group>"; };
		86350F58278C0790007800B9 /* UIViewController+Alert.swift */ = {isa = PBXFileReference; lastKnownFileType = sourcecode.swift; path = "UIViewController+Alert.swift"; sourceTree = "<group>"; };
		86350F5B278CBAFC007800B9 /* TitleInfoTableCell.swift */ = {isa = PBXFileReference; lastKnownFileType = sourcecode.swift; path = TitleInfoTableCell.swift; sourceTree = "<group>"; };
		866AB32528679CB900AE27F1 /* ImageInfoTableViewCell.swift */ = {isa = PBXFileReference; fileEncoding = 4; lastKnownFileType = sourcecode.swift; path = ImageInfoTableViewCell.swift; sourceTree = "<group>"; };
		866AB32B28694AFC00AE27F1 /* Localizable.strings */ = {isa = PBXFileReference; lastKnownFileType = text.plist.strings; path = Localizable.strings; sourceTree = "<group>"; };
		866AB32D28694B3100AE27F1 /* characters.json */ = {isa = PBXFileReference; lastKnownFileType = text.json; path = characters.json; sourceTree = "<group>"; };
		866AB32F28694DE800AE27F1 /* CharacterDetail+TableView.swift */ = {isa = PBXFileReference; lastKnownFileType = sourcecode.swift; path = "CharacterDetail+TableView.swift"; sourceTree = "<group>"; };
		866AB3372869501400AE27F1 /* CharacterDetailPresenter.swift */ = {isa = PBXFileReference; fileEncoding = 4; lastKnownFileType = sourcecode.swift; path = CharacterDetailPresenter.swift; sourceTree = "<group>"; };
		866AECD827D415F50021CCF0 /* MarvelHeroesTests.xctest */ = {isa = PBXFileReference; explicitFileType = wrapper.cfbundle; includeInIndex = 0; path = MarvelHeroesTests.xctest; sourceTree = BUILT_PRODUCTS_DIR; };
		866AECE827D443E90021CCF0 /* MockURLSession.swift */ = {isa = PBXFileReference; fileEncoding = 4; lastKnownFileType = sourcecode.swift; path = MockURLSession.swift; sourceTree = "<group>"; };
		866AECE927D443E90021CCF0 /* FetcherUnitTests.swift */ = {isa = PBXFileReference; fileEncoding = 4; lastKnownFileType = sourcecode.swift; path = FetcherUnitTests.swift; sourceTree = "<group>"; };
		86756BC3285FE98200862F2D /* MarvelAPIConfig.swift */ = {isa = PBXFileReference; fileEncoding = 4; lastKnownFileType = sourcecode.swift; path = MarvelAPIConfig.swift; sourceTree = "<group>"; };
		8675E6A4299182300052B99B /* ListCharactersViewController+SearchBar.swift */ = {isa = PBXFileReference; lastKnownFileType = sourcecode.swift; path = "ListCharactersViewController+SearchBar.swift"; sourceTree = "<group>"; };
		8679EE6727C19781007E4B8E /* UIViewController+Utilities.swift */ = {isa = PBXFileReference; lastKnownFileType = sourcecode.swift; path = "UIViewController+Utilities.swift"; sourceTree = "<group>"; };
		86832CE92862B8F900F573D9 /* CharactersModel.swift */ = {isa = PBXFileReference; lastKnownFileType = sourcecode.swift; path = CharactersModel.swift; sourceTree = "<group>"; };
		86832CEB2866252700F573D9 /* CharacterDetailViewController+SetupView.swift */ = {isa = PBXFileReference; lastKnownFileType = sourcecode.swift; path = "CharacterDetailViewController+SetupView.swift"; sourceTree = "<group>"; };
		869C224027C9EFA40095B9AD /* README.md */ = {isa = PBXFileReference; fileEncoding = 4; lastKnownFileType = net.daringfireball.markdown; path = README.md; sourceTree = "<group>"; };
		86AB609027A05F3E00052A38 /* URLSession+Protocol.swift */ = {isa = PBXFileReference; lastKnownFileType = sourcecode.swift; path = "URLSession+Protocol.swift"; sourceTree = "<group>"; };
		86EB4A272993658300A5A08B /* ListCharactersViewController+TableView.swift */ = {isa = PBXFileReference; lastKnownFileType = sourcecode.swift; path = "ListCharactersViewController+TableView.swift"; sourceTree = "<group>"; };
		86EB4A2F299372CF00A5A08B /* Colors.swift */ = {isa = PBXFileReference; lastKnownFileType = sourcecode.swift; path = Colors.swift; sourceTree = "<group>"; };
		86FEED73280F2AB700FDC49E /* ListCharactersPresenterUnitTests.swift */ = {isa = PBXFileReference; lastKnownFileType = sourcecode.swift; path = ListCharactersPresenterUnitTests.swift; sourceTree = "<group>"; };
		86FEED75280F53C500FDC49E /* MockCharactersService.swift */ = {isa = PBXFileReference; fileEncoding = 4; lastKnownFileType = sourcecode.swift; path = MockCharactersService.swift; sourceTree = "<group>"; };
		86FEED76280F53C500FDC49E /* MockListCharactersVC.swift */ = {isa = PBXFileReference; fileEncoding = 4; lastKnownFileType = sourcecode.swift; path = MockListCharactersVC.swift; sourceTree = "<group>"; };
		86FEED7C280F8BF600FDC49E /* ListCharactersViewControllerUnitTests.swift */ = {isa = PBXFileReference; fileEncoding = 4; lastKnownFileType = sourcecode.swift; path = ListCharactersViewControllerUnitTests.swift; sourceTree = "<group>"; };
		86FEED7E280F8DE100FDC49E /* MockListCharactersPresenter.swift */ = {isa = PBXFileReference; fileEncoding = 4; lastKnownFileType = sourcecode.swift; path = MockListCharactersPresenter.swift; sourceTree = "<group>"; };
		8A12C0D7246ED95C00316518 /* Fetcher.swift */ = {isa = PBXFileReference; lastKnownFileType = sourcecode.swift; path = Fetcher.swift; sourceTree = "<group>"; };
		8A151A442465D7B4000FBA74 /* Assets.xcassets */ = {isa = PBXFileReference; lastKnownFileType = folder.assetcatalog; path = Assets.xcassets; sourceTree = "<group>"; };
		8A1BCBF9245F67C300AB1E0B /* MarvelHeroes.app */ = {isa = PBXFileReference; explicitFileType = wrapper.application; includeInIndex = 0; path = MarvelHeroes.app; sourceTree = BUILT_PRODUCTS_DIR; };
		8A1BCBFC245F67C300AB1E0B /* AppDelegate.swift */ = {isa = PBXFileReference; lastKnownFileType = sourcecode.swift; path = AppDelegate.swift; sourceTree = "<group>"; };
		8A1BCBFE245F67C300AB1E0B /* SceneDelegate.swift */ = {isa = PBXFileReference; lastKnownFileType = sourcecode.swift; path = SceneDelegate.swift; sourceTree = "<group>"; };
		8A1BCC08245F67C400AB1E0B /* Base */ = {isa = PBXFileReference; lastKnownFileType = file.storyboard; name = Base; path = Base.lproj/LaunchScreen.storyboard; sourceTree = "<group>"; };
		8A317F0C24631ADE009E2B23 /* ListCharactersViewController.swift */ = {isa = PBXFileReference; lastKnownFileType = sourcecode.swift; path = ListCharactersViewController.swift; sourceTree = "<group>"; };
		D18F12D0274E9725002A2E52 /* CharactersService.swift */ = {isa = PBXFileReference; lastKnownFileType = sourcecode.swift; path = CharactersService.swift; sourceTree = "<group>"; };
/* End PBXFileReference section */

/* Begin PBXFrameworksBuildPhase section */
		866AECD527D415F50021CCF0 /* Frameworks */ = {
			isa = PBXFrameworksBuildPhase;
			buildActionMask = 2147483647;
			files = (
			);
			runOnlyForDeploymentPostprocessing = 0;
		};
		8A1BCBF6245F67C300AB1E0B /* Frameworks */ = {
			isa = PBXFrameworksBuildPhase;
			buildActionMask = 2147483647;
			files = (
			);
			runOnlyForDeploymentPostprocessing = 0;
		};
/* End PBXFrameworksBuildPhase section */

/* Begin PBXGroup section */
		0C5F0B9524C414E500729627 /* Services */ = {
			isa = PBXGroup;
			children = (
				D18F12D0274E9725002A2E52 /* CharactersService.swift */,
			);
			path = Services;
			sourceTree = "<group>";
		};
		0CBFA58A24BC64510077E332 /* ViewController */ = {
			isa = PBXGroup;
			children = (
				86350F55278BF208007800B9 /* CharacterDetailViewController.swift */,
				86832CEB2866252700F573D9 /* CharacterDetailViewController+SetupView.swift */,
				866AB32F28694DE800AE27F1 /* CharacterDetail+TableView.swift */,
			);
			path = ViewController;
			sourceTree = "<group>";
		};
		0CBFA58D24BC647F0077E332 /* ViewController */ = {
			isa = PBXGroup;
			children = (
				8A317F0C24631ADE009E2B23 /* ListCharactersViewController.swift */,
				86EB4A272993658300A5A08B /* ListCharactersViewController+TableView.swift */,
				8675E6A4299182300052B99B /* ListCharactersViewController+SearchBar.swift */,
			);
			path = ViewController;
			sourceTree = "<group>";
		};
		8605EDEC269F4C2E00724E70 /* Presenters */ = {
			isa = PBXGroup;
			children = (
				866AB3362869501400AE27F1 /* CharacterDetail */,
				8605EDF1269F4D7E00724E70 /* ListCharacters */,
			);
			path = Presenters;
			sourceTree = "<group>";
		};
		8605EDED269F4C3800724E70 /* Models */ = {
			isa = PBXGroup;
			children = (
				86832CE92862B8F900F573D9 /* CharactersModel.swift */,
			);
			path = Models;
			sourceTree = "<group>";
		};
		8605EDF1269F4D7E00724E70 /* ListCharacters */ = {
			isa = PBXGroup;
			children = (
				0CBFA58F24BC64C20077E332 /* ListCharactersPresenter.swift */,
			);
			path = ListCharacters;
			sourceTree = "<group>";
		};
		86350F57278BF256007800B9 /* Extensions */ = {
			isa = PBXGroup;
			children = (
				86350F58278C0790007800B9 /* UIViewController+Alert.swift */,
				86AB609027A05F3E00052A38 /* URLSession+Protocol.swift */,
			);
			path = Extensions;
			sourceTree = "<group>";
		};
		86350F5A278CBAD3007800B9 /* CustomViews */ = {
			isa = PBXGroup;
			children = (
				866AB32528679CB900AE27F1 /* ImageInfoTableViewCell.swift */,
				86350F5B278CBAFC007800B9 /* TitleInfoTableCell.swift */,
			);
			path = CustomViews;
			sourceTree = "<group>";
		};
		866AB3362869501400AE27F1 /* CharacterDetail */ = {
			isa = PBXGroup;
			children = (
				866AB3372869501400AE27F1 /* CharacterDetailPresenter.swift */,
			);
			path = CharacterDetail;
			sourceTree = "<group>";
		};
		866AECD927D415F50021CCF0 /* MarvelHeroesTests */ = {
			isa = PBXGroup;
			children = (
				866AECE627D443E90021CCF0 /* MarvelHeroesTests */,
			);
			path = MarvelHeroesTests;
			sourceTree = "<group>";
		};
		866AECE627D443E90021CCF0 /* MarvelHeroesTests */ = {
			isa = PBXGroup;
			children = (
				86EB4A2629932A1F00A5A08B /* Networking */,
				86EB4A2529932A1500A5A08B /* Views */,
				866AECE727D443E90021CCF0 /* Mocks */,
			);
			name = MarvelHeroesTests;
			sourceTree = "<group>";
		};
		866AECE727D443E90021CCF0 /* Mocks */ = {
			isa = PBXGroup;
			children = (
				86FEED7E280F8DE100FDC49E /* MockListCharactersPresenter.swift */,
				86FEED79280F883B00FDC49E /* API */,
				86FEED75280F53C500FDC49E /* MockCharactersService.swift */,
				86FEED76280F53C500FDC49E /* MockListCharactersVC.swift */,
				866AECE827D443E90021CCF0 /* MockURLSession.swift */,
			);
			path = Mocks;
			sourceTree = "<group>";
		};
		8679EE6627C19744007E4B8E /* ViewExtensions */ = {
			isa = PBXGroup;
			children = (
				8679EE6727C19781007E4B8E /* UIViewController+Utilities.swift */,
			);
			path = ViewExtensions;
			sourceTree = "<group>";
		};
		86EB4A242992F8F700A5A08B /* ListCharacterTests */ = {
			isa = PBXGroup;
			children = (
				86FEED7C280F8BF600FDC49E /* ListCharactersViewControllerUnitTests.swift */,
				86FEED73280F2AB700FDC49E /* ListCharactersPresenterUnitTests.swift */,
			);
			path = ListCharacterTests;
			sourceTree = "<group>";
		};
		86EB4A2529932A1500A5A08B /* Views */ = {
			isa = PBXGroup;
			children = (
				86EB4A242992F8F700A5A08B /* ListCharacterTests */,
			);
			path = Views;
			sourceTree = "<group>";
		};
		86EB4A2629932A1F00A5A08B /* Networking */ = {
			isa = PBXGroup;
			children = (
				866AECE927D443E90021CCF0 /* FetcherUnitTests.swift */,
			);
			path = Networking;
			sourceTree = "<group>";
		};
		86EB4A2A299371D300A5A08B /* MVP */ = {
			isa = PBXGroup;
			children = (
				8605EDED269F4C3800724E70 /* Models */,
				8A12C0C5246EB61C00316518 /* Views */,
				8605EDEC269F4C2E00724E70 /* Presenters */,
			);
			path = MVP;
			sourceTree = "<group>";
		};
		86EB4A2B299371F100A5A08B /* Base */ = {
			isa = PBXGroup;
			children = (
				86EB4A2E299372BE00A5A08B /* Constants */,
				86EB4A2D2993728600A5A08B /* Properties */,
				86EB4A2C2993720A00A5A08B /* Delegates */,
				8A1BCC11245F685B00AB1E0B /* Resources */,
			);
			path = Base;
			sourceTree = "<group>";
		};
		86EB4A2C2993720A00A5A08B /* Delegates */ = {
			isa = PBXGroup;
			children = (
				8A1BCBFC245F67C300AB1E0B /* AppDelegate.swift */,
				8A1BCBFE245F67C300AB1E0B /* SceneDelegate.swift */,
			);
			path = Delegates;
			sourceTree = "<group>";
		};
		86EB4A2D2993728600A5A08B /* Properties */ = {
			isa = PBXGroup;
			children = (
				866AB32B28694AFC00AE27F1 /* Localizable.strings */,
			);
			path = Properties;
			sourceTree = "<group>";
		};
		86EB4A2E299372BE00A5A08B /* Constants */ = {
			isa = PBXGroup;
			children = (
				86EB4A2F299372CF00A5A08B /* Colors.swift */,
			);
			path = Constants;
			sourceTree = "<group>";
		};
		86FEED79280F883B00FDC49E /* API */ = {
			isa = PBXGroup;
			children = (
				866AB32D28694B3100AE27F1 /* characters.json */,
			);
			path = API;
			sourceTree = "<group>";
		};
		8A12C0C5246EB61C00316518 /* Views */ = {
			isa = PBXGroup;
			children = (
				8679EE6627C19744007E4B8E /* ViewExtensions */,
				86350F5A278CBAD3007800B9 /* CustomViews */,
				8A1BCC07245F67C400AB1E0B /* LaunchScreen.storyboard */,
				8A12C0C7246EB6C300316518 /* CharacterDetail */,
				8A12C0C6246EB6B800316518 /* ListCharacters */,
			);
			path = Views;
			sourceTree = "<group>";
		};
		8A12C0C6246EB6B800316518 /* ListCharacters */ = {
			isa = PBXGroup;
			children = (
				0CBFA58D24BC647F0077E332 /* ViewController */,
			);
			path = ListCharacters;
			sourceTree = "<group>";
		};
		8A12C0C7246EB6C300316518 /* CharacterDetail */ = {
			isa = PBXGroup;
			children = (
				0CBFA58A24BC64510077E332 /* ViewController */,
			);
			path = CharacterDetail;
			sourceTree = "<group>";
		};
		8A16F4AA2463108A00AD2521 /* Networking */ = {
			isa = PBXGroup;
			children = (
				0C5F0B9524C414E500729627 /* Services */,
				8605EE15269FF0EF00724E70 /* NetworkingConstants.swift */,
				86756BC3285FE98200862F2D /* MarvelAPIConfig.swift */,
				8A12C0D7246ED95C00316518 /* Fetcher.swift */,
			);
			path = Networking;
			sourceTree = "<group>";
		};
		8A1BCBF0245F67C300AB1E0B = {
			isa = PBXGroup;
			children = (
				869C224027C9EFA40095B9AD /* README.md */,
				8A1BCBFB245F67C300AB1E0B /* MarvelHeroes */,
				866AECD927D415F50021CCF0 /* MarvelHeroesTests */,
				8A1BCBFA245F67C300AB1E0B /* Products */,
			);
			sourceTree = "<group>";
		};
		8A1BCBFA245F67C300AB1E0B /* Products */ = {
			isa = PBXGroup;
			children = (
				8A1BCBF9245F67C300AB1E0B /* MarvelHeroes.app */,
				866AECD827D415F50021CCF0 /* MarvelHeroesTests.xctest */,
			);
			name = Products;
			sourceTree = "<group>";
		};
		8A1BCBFB245F67C300AB1E0B /* MarvelHeroes */ = {
			isa = PBXGroup;
			children = (
				0C3CB37F24C4C49B008EB4FB /* Info.plist */,
				86EB4A2B299371F100A5A08B /* Base */,
				86EB4A2A299371D300A5A08B /* MVP */,
				86350F57278BF256007800B9 /* Extensions */,
				8A16F4AA2463108A00AD2521 /* Networking */,
			);
			path = MarvelHeroes;
			sourceTree = "<group>";
		};
		8A1BCC11245F685B00AB1E0B /* Resources */ = {
			isa = PBXGroup;
			children = (
				8A151A442465D7B4000FBA74 /* Assets.xcassets */,
			);
			path = Resources;
			sourceTree = "<group>";
		};
/* End PBXGroup section */

/* Begin PBXNativeTarget section */
		866AECD727D415F50021CCF0 /* MarvelHeroesTests */ = {
			isa = PBXNativeTarget;
			buildConfigurationList = 866AECDE27D415F50021CCF0 /* Build configuration list for PBXNativeTarget "MarvelHeroesTests" */;
			buildPhases = (
				866AECD427D415F50021CCF0 /* Sources */,
				866AECD527D415F50021CCF0 /* Frameworks */,
				866AECD627D415F50021CCF0 /* Resources */,
			);
			buildRules = (
			);
			dependencies = (
				866AECDD27D415F50021CCF0 /* PBXTargetDependency */,
			);
			name = MarvelHeroesTests;
			productName = "Dragon RidersTests";
			productReference = 866AECD827D415F50021CCF0 /* MarvelHeroesTests.xctest */;
			productType = "com.apple.product-type.bundle.unit-test";
		};
		8A1BCBF8245F67C300AB1E0B /* MarvelHeroes */ = {
			isa = PBXNativeTarget;
			buildConfigurationList = 8A1BCC0D245F67C400AB1E0B /* Build configuration list for PBXNativeTarget "MarvelHeroes" */;
			buildPhases = (
				8A1BCBF5245F67C300AB1E0B /* Sources */,
				8A1BCBF6245F67C300AB1E0B /* Frameworks */,
				8A1BCBF7245F67C300AB1E0B /* Resources */,
			);
			buildRules = (
			);
			dependencies = (
			);
			name = MarvelHeroes;
			packageProductDependencies = (
			);
			productName = CatAPIViewer;
			productReference = 8A1BCBF9245F67C300AB1E0B /* MarvelHeroes.app */;
			productType = "com.apple.product-type.application";
		};
/* End PBXNativeTarget section */

/* Begin PBXProject section */
		8A1BCBF1245F67C300AB1E0B /* Project object */ = {
			isa = PBXProject;
			attributes = {
				LastSwiftUpdateCheck = 1320;
				LastUpgradeCheck = 1330;
				ORGANIZATIONNAME = "Andrés A.";
				TargetAttributes = {
					866AECD727D415F50021CCF0 = {
						CreatedOnToolsVersion = 13.2.1;
						LastSwiftMigration = 1320;
						TestTargetID = 8A1BCBF8245F67C300AB1E0B;
					};
					8A1BCBF8245F67C300AB1E0B = {
						CreatedOnToolsVersion = 11.2.1;
					};
				};
			};
			buildConfigurationList = 8A1BCBF4245F67C300AB1E0B /* Build configuration list for PBXProject "MarvelHeroes" */;
			compatibilityVersion = "Xcode 9.3";
			developmentRegion = en;
			hasScannedForEncodings = 0;
			knownRegions = (
				en,
				Base,
			);
			mainGroup = 8A1BCBF0245F67C300AB1E0B;
			packageReferences = (
			);
			productRefGroup = 8A1BCBFA245F67C300AB1E0B /* Products */;
			projectDirPath = "";
			projectRoot = "";
			targets = (
				8A1BCBF8245F67C300AB1E0B /* MarvelHeroes */,
				866AECD727D415F50021CCF0 /* MarvelHeroesTests */,
			);
		};
/* End PBXProject section */

/* Begin PBXResourcesBuildPhase section */
		866AECD627D415F50021CCF0 /* Resources */ = {
			isa = PBXResourcesBuildPhase;
			buildActionMask = 2147483647;
			files = (
				86EB4A232992EDE200A5A08B /* characters.json in Resources */,
			);
			runOnlyForDeploymentPostprocessing = 0;
		};
		8A1BCBF7245F67C300AB1E0B /* Resources */ = {
			isa = PBXResourcesBuildPhase;
			buildActionMask = 2147483647;
			files = (
				866AB32C28694AFC00AE27F1 /* Localizable.strings in Resources */,
				8A1BCC09245F67C400AB1E0B /* LaunchScreen.storyboard in Resources */,
				8A151A452465D7B4000FBA74 /* Assets.xcassets in Resources */,
			);
			runOnlyForDeploymentPostprocessing = 0;
		};
/* End PBXResourcesBuildPhase section */

/* Begin PBXSourcesBuildPhase section */
		866AECD427D415F50021CCF0 /* Sources */ = {
			isa = PBXSourcesBuildPhase;
			buildActionMask = 2147483647;
			files = (
				86EB4A292993658300A5A08B /* ListCharactersViewController+TableView.swift in Sources */,
				86CFE33529C0D9A200B419BC /* TitleInfoTableCell.swift in Sources */,
				86CFE33129C0D94600B419BC /* NetworkingConstants.swift in Sources */,
				86EB4A31299372CF00A5A08B /* Colors.swift in Sources */,
				86FEED7F280F8DE100FDC49E /* MockListCharactersPresenter.swift in Sources */,
				86FEED78280F53C500FDC49E /* MockListCharactersVC.swift in Sources */,
				86CFE33229C0D94900B419BC /* MarvelAPIConfig.swift in Sources */,
				86CFE32729C0CD3100B419BC /* ListCharactersViewController+SearchBar.swift in Sources */,
				86CFE33629C0D9AF00B419BC /* ImageInfoTableViewCell.swift in Sources */,
				866AECEA27D443E90021CCF0 /* MockURLSession.swift in Sources */,
				86FEED7D280F8BF600FDC49E /* ListCharactersViewControllerUnitTests.swift in Sources */,
				86CFE32B29C0D8B500B419BC /* CharactersService.swift in Sources */,
				86FEED77280F53C500FDC49E /* MockCharactersService.swift in Sources */,
				86CFE33329C0D96200B419BC /* CharacterDetailViewController.swift in Sources */,
				86CFE33729C0DA4500B419BC /* CharacterDetail+TableView.swift in Sources */,
				86CFE32F29C0D93F00B419BC /* UIViewController+Alert.swift in Sources */,
				86CFE33429C0D99400B419BC /* CharacterDetailViewController+SetupView.swift in Sources */,
				86CFE32C29C0D91300B419BC /* ListCharactersPresenter.swift in Sources */,
				86CFE32829C0D25800B419BC /* ListCharactersViewController.swift in Sources */,
				86CFE33029C0D94200B419BC /* URLSession+Protocol.swift in Sources */,
				86CFE32929C0D26600B419BC /* CharactersModel.swift in Sources */,
				86CFE32E29C0D93400B419BC /* CharacterDetailPresenter.swift in Sources */,
				866AECEB27D443E90021CCF0 /* FetcherUnitTests.swift in Sources */,
				86CFE32A29C0D8A200B419BC /* Fetcher.swift in Sources */,
				86CFE32D29C0D92900B419BC /* UIViewController+Utilities.swift in Sources */,
				86FEED74280F2AB700FDC49E /* ListCharactersPresenterUnitTests.swift in Sources */,
			);
			runOnlyForDeploymentPostprocessing = 0;
		};
		8A1BCBF5245F67C300AB1E0B /* Sources */ = {
			isa = PBXSourcesBuildPhase;
			buildActionMask = 2147483647;
			files = (
				86EB4A282993658300A5A08B /* ListCharactersViewController+TableView.swift in Sources */,
				86832CEA2862B8F900F573D9 /* CharactersModel.swift in Sources */,
				86832CEC2866252700F573D9 /* CharacterDetailViewController+SetupView.swift in Sources */,
				8A1BCBFD245F67C300AB1E0B /* AppDelegate.swift in Sources */,
				86AB609127A05F3E00052A38 /* URLSession+Protocol.swift in Sources */,
				8A1BCBFF245F67C300AB1E0B /* SceneDelegate.swift in Sources */,
				8675E6A5299182300052B99B /* ListCharactersViewController+SearchBar.swift in Sources */,
				86350F59278C0790007800B9 /* UIViewController+Alert.swift in Sources */,
				8A317F0D24631ADE009E2B23 /* ListCharactersViewController.swift in Sources */,
				86350F5C278CBAFC007800B9 /* TitleInfoTableCell.swift in Sources */,
				86EB4A30299372CF00A5A08B /* Colors.swift in Sources */,
				8A12C0D8246ED95C00316518 /* Fetcher.swift in Sources */,
				866AB32628679CB900AE27F1 /* ImageInfoTableViewCell.swift in Sources */,
				86756BC4285FE98200862F2D /* MarvelAPIConfig.swift in Sources */,
				D18F12D1274E9725002A2E52 /* CharactersService.swift in Sources */,
				8605EE16269FF0EF00724E70 /* NetworkingConstants.swift in Sources */,
				86350F56278BF209007800B9 /* CharacterDetailViewController.swift in Sources */,
				8679EE6827C19781007E4B8E /* UIViewController+Utilities.swift in Sources */,
				866AB33028694DE800AE27F1 /* CharacterDetail+TableView.swift in Sources */,
				866AB3382869501400AE27F1 /* CharacterDetailPresenter.swift in Sources */,
				0CBFA59024BC64C20077E332 /* ListCharactersPresenter.swift in Sources */,
			);
			runOnlyForDeploymentPostprocessing = 0;
		};
/* End PBXSourcesBuildPhase section */

/* Begin PBXTargetDependency section */
		866AECDD27D415F50021CCF0 /* PBXTargetDependency */ = {
			isa = PBXTargetDependency;
			target = 8A1BCBF8245F67C300AB1E0B /* MarvelHeroes */;
			targetProxy = 866AECDC27D415F50021CCF0 /* PBXContainerItemProxy */;
		};
/* End PBXTargetDependency section */

/* Begin PBXVariantGroup section */
		8A1BCC07245F67C400AB1E0B /* LaunchScreen.storyboard */ = {
			isa = PBXVariantGroup;
			children = (
				8A1BCC08245F67C400AB1E0B /* Base */,
			);
			name = LaunchScreen.storyboard;
			sourceTree = "<group>";
		};
/* End PBXVariantGroup section */

/* Begin XCBuildConfiguration section */
		866AECDF27D415F50021CCF0 /* Debug */ = {
			isa = XCBuildConfiguration;
			buildSettings = {
				BUNDLE_LOADER = "$(TEST_HOST)";
				CLANG_CXX_LANGUAGE_STANDARD = "gnu++17";
				CLANG_ENABLE_MODULES = YES;
				CODE_SIGN_STYLE = Automatic;
				CURRENT_PROJECT_VERSION = 1;
				DEVELOPMENT_TEAM = "";
				GENERATE_INFOPLIST_FILE = YES;
				IPHONEOS_DEPLOYMENT_TARGET = 15.2;
				LD_RUNPATH_SEARCH_PATHS = (
					"$(inherited)",
					"@executable_path/Frameworks",
					"@loader_path/Frameworks",
				);
				MARKETING_VERSION = 1.0;
				PRODUCT_BUNDLE_IDENTIFIER = andresacevedo.MarvelHeroes;
				PRODUCT_NAME = "$(TARGET_NAME)";
				SUPPORTED_PLATFORMS = "iphoneos iphonesimulator";
				SUPPORTS_MACCATALYST = NO;
				SUPPORTS_MAC_DESIGNED_FOR_IPHONE_IPAD = NO;
				SWIFT_EMIT_LOC_STRINGS = NO;
				SWIFT_OPTIMIZATION_LEVEL = "-Onone";
				SWIFT_VERSION = 5.0;
				TARGETED_DEVICE_FAMILY = 1;
				TEST_HOST = "$(BUILT_PRODUCTS_DIR)/MarvelHeroes.app/MarvelHeroes";
			};
			name = Debug;
		};
		866AECE027D415F50021CCF0 /* Release */ = {
			isa = XCBuildConfiguration;
			buildSettings = {
				BUNDLE_LOADER = "$(TEST_HOST)";
				CLANG_CXX_LANGUAGE_STANDARD = "gnu++17";
				CLANG_ENABLE_MODULES = YES;
				CODE_SIGN_STYLE = Automatic;
				CURRENT_PROJECT_VERSION = 1;
				DEVELOPMENT_TEAM = "";
				GENERATE_INFOPLIST_FILE = YES;
				IPHONEOS_DEPLOYMENT_TARGET = 15.2;
				LD_RUNPATH_SEARCH_PATHS = (
					"$(inherited)",
					"@executable_path/Frameworks",
					"@loader_path/Frameworks",
				);
				MARKETING_VERSION = 1.0;
				PRODUCT_BUNDLE_IDENTIFIER = andresacevedo.MarvelHeroes;
				PRODUCT_NAME = "$(TARGET_NAME)";
				SUPPORTED_PLATFORMS = "iphoneos iphonesimulator";
				SUPPORTS_MACCATALYST = NO;
				SUPPORTS_MAC_DESIGNED_FOR_IPHONE_IPAD = NO;
				SWIFT_EMIT_LOC_STRINGS = NO;
				SWIFT_VERSION = 5.0;
				TARGETED_DEVICE_FAMILY = 1;
				TEST_HOST = "$(BUILT_PRODUCTS_DIR)/MarvelHeroes.app/MarvelHeroes";
			};
			name = Release;
		};
		8A1BCC0B245F67C400AB1E0B /* Debug */ = {
			isa = XCBuildConfiguration;
			buildSettings = {
				ALWAYS_SEARCH_USER_PATHS = NO;
				CLANG_ANALYZER_NONNULL = YES;
				CLANG_ANALYZER_NUMBER_OBJECT_CONVERSION = YES_AGGRESSIVE;
				CLANG_CXX_LANGUAGE_STANDARD = "gnu++14";
				CLANG_CXX_LIBRARY = "libc++";
				CLANG_ENABLE_MODULES = YES;
				CLANG_ENABLE_OBJC_ARC = YES;
				CLANG_ENABLE_OBJC_WEAK = YES;
				CLANG_WARN_BLOCK_CAPTURE_AUTORELEASING = YES;
				CLANG_WARN_BOOL_CONVERSION = YES;
				CLANG_WARN_COMMA = YES;
				CLANG_WARN_CONSTANT_CONVERSION = YES;
				CLANG_WARN_DEPRECATED_OBJC_IMPLEMENTATIONS = YES;
				CLANG_WARN_DIRECT_OBJC_ISA_USAGE = YES_ERROR;
				CLANG_WARN_DOCUMENTATION_COMMENTS = YES;
				CLANG_WARN_EMPTY_BODY = YES;
				CLANG_WARN_ENUM_CONVERSION = YES;
				CLANG_WARN_INFINITE_RECURSION = YES;
				CLANG_WARN_INT_CONVERSION = YES;
				CLANG_WARN_NON_LITERAL_NULL_CONVERSION = YES;
				CLANG_WARN_OBJC_IMPLICIT_RETAIN_SELF = YES;
				CLANG_WARN_OBJC_LITERAL_CONVERSION = YES;
				CLANG_WARN_OBJC_ROOT_CLASS = YES_ERROR;
				CLANG_WARN_QUOTED_INCLUDE_IN_FRAMEWORK_HEADER = YES;
				CLANG_WARN_RANGE_LOOP_ANALYSIS = YES;
				CLANG_WARN_STRICT_PROTOTYPES = YES;
				CLANG_WARN_SUSPICIOUS_MOVE = YES;
				CLANG_WARN_UNGUARDED_AVAILABILITY = YES_AGGRESSIVE;
				CLANG_WARN_UNREACHABLE_CODE = YES;
				CLANG_WARN__DUPLICATE_METHOD_MATCH = YES;
				COPY_PHASE_STRIP = NO;
				DEBUG_INFORMATION_FORMAT = dwarf;
				ENABLE_STRICT_OBJC_MSGSEND = YES;
				ENABLE_TESTABILITY = YES;
				GCC_C_LANGUAGE_STANDARD = gnu11;
				GCC_DYNAMIC_NO_PIC = NO;
				GCC_NO_COMMON_BLOCKS = YES;
				GCC_OPTIMIZATION_LEVEL = 0;
				GCC_PREPROCESSOR_DEFINITIONS = (
					"DEBUG=1",
					"$(inherited)",
				);
				GCC_WARN_64_TO_32_BIT_CONVERSION = YES;
				GCC_WARN_ABOUT_RETURN_TYPE = YES_ERROR;
				GCC_WARN_UNDECLARED_SELECTOR = YES;
				GCC_WARN_UNINITIALIZED_AUTOS = YES_AGGRESSIVE;
				GCC_WARN_UNUSED_FUNCTION = YES;
				GCC_WARN_UNUSED_VARIABLE = YES;
				"INFOPLIST_FILE[sdk=*]" = "";
				"INFOPLIST_OTHER_PREPROCESSOR_FLAGS[sdk=*]" = "";
				IPHONEOS_DEPLOYMENT_TARGET = 13.2;
				MTL_ENABLE_DEBUG_INFO = INCLUDE_SOURCE;
				MTL_FAST_MATH = YES;
				ONLY_ACTIVE_ARCH = YES;
				SDKROOT = iphoneos;
				SWIFT_ACTIVE_COMPILATION_CONDITIONS = DEBUG;
				SWIFT_OPTIMIZATION_LEVEL = "-Onone";
			};
			name = Debug;
		};
		8A1BCC0C245F67C400AB1E0B /* Release */ = {
			isa = XCBuildConfiguration;
			buildSettings = {
				ALWAYS_SEARCH_USER_PATHS = NO;
				CLANG_ANALYZER_NONNULL = YES;
				CLANG_ANALYZER_NUMBER_OBJECT_CONVERSION = YES_AGGRESSIVE;
				CLANG_CXX_LANGUAGE_STANDARD = "gnu++14";
				CLANG_CXX_LIBRARY = "libc++";
				CLANG_ENABLE_MODULES = YES;
				CLANG_ENABLE_OBJC_ARC = YES;
				CLANG_ENABLE_OBJC_WEAK = YES;
				CLANG_WARN_BLOCK_CAPTURE_AUTORELEASING = YES;
				CLANG_WARN_BOOL_CONVERSION = YES;
				CLANG_WARN_COMMA = YES;
				CLANG_WARN_CONSTANT_CONVERSION = YES;
				CLANG_WARN_DEPRECATED_OBJC_IMPLEMENTATIONS = YES;
				CLANG_WARN_DIRECT_OBJC_ISA_USAGE = YES_ERROR;
				CLANG_WARN_DOCUMENTATION_COMMENTS = YES;
				CLANG_WARN_EMPTY_BODY = YES;
				CLANG_WARN_ENUM_CONVERSION = YES;
				CLANG_WARN_INFINITE_RECURSION = YES;
				CLANG_WARN_INT_CONVERSION = YES;
				CLANG_WARN_NON_LITERAL_NULL_CONVERSION = YES;
				CLANG_WARN_OBJC_IMPLICIT_RETAIN_SELF = YES;
				CLANG_WARN_OBJC_LITERAL_CONVERSION = YES;
				CLANG_WARN_OBJC_ROOT_CLASS = YES_ERROR;
				CLANG_WARN_QUOTED_INCLUDE_IN_FRAMEWORK_HEADER = YES;
				CLANG_WARN_RANGE_LOOP_ANALYSIS = YES;
				CLANG_WARN_STRICT_PROTOTYPES = YES;
				CLANG_WARN_SUSPICIOUS_MOVE = YES;
				CLANG_WARN_UNGUARDED_AVAILABILITY = YES_AGGRESSIVE;
				CLANG_WARN_UNREACHABLE_CODE = YES;
				CLANG_WARN__DUPLICATE_METHOD_MATCH = YES;
				COPY_PHASE_STRIP = NO;
				DEBUG_INFORMATION_FORMAT = "dwarf-with-dsym";
				ENABLE_NS_ASSERTIONS = NO;
				ENABLE_STRICT_OBJC_MSGSEND = YES;
				GCC_C_LANGUAGE_STANDARD = gnu11;
				GCC_NO_COMMON_BLOCKS = YES;
				GCC_WARN_64_TO_32_BIT_CONVERSION = YES;
				GCC_WARN_ABOUT_RETURN_TYPE = YES_ERROR;
				GCC_WARN_UNDECLARED_SELECTOR = YES;
				GCC_WARN_UNINITIALIZED_AUTOS = YES_AGGRESSIVE;
				GCC_WARN_UNUSED_FUNCTION = YES;
				GCC_WARN_UNUSED_VARIABLE = YES;
				IPHONEOS_DEPLOYMENT_TARGET = 13.2;
				MTL_ENABLE_DEBUG_INFO = NO;
				MTL_FAST_MATH = YES;
				SDKROOT = iphoneos;
				SWIFT_COMPILATION_MODE = wholemodule;
				SWIFT_OPTIMIZATION_LEVEL = "-O";
				VALIDATE_PRODUCT = YES;
			};
			name = Release;
		};
		8A1BCC0E245F67C400AB1E0B /* Debug */ = {
			isa = XCBuildConfiguration;
			buildSettings = {
				ASSETCATALOG_COMPILER_APPICON_NAME = AppIcon;
				CODE_SIGN_STYLE = Automatic;
				DEVELOPMENT_TEAM = "";
				INFOPLIST_FILE = MarvelHeroes/Info.plist;
				IPHONEOS_DEPLOYMENT_TARGET = 15.2;
				LD_RUNPATH_SEARCH_PATHS = (
					"$(inherited)",
					"@executable_path/Frameworks",
				);
				PRODUCT_BUNDLE_IDENTIFIER = net.andres.acevedo.Marvel;
				PRODUCT_NAME = "$(TARGET_NAME)";
				SUPPORTED_PLATFORMS = "iphoneos iphonesimulator";
				SUPPORTS_MACCATALYST = NO;
				SUPPORTS_MAC_DESIGNED_FOR_IPHONE_IPAD = NO;
				SWIFT_VERSION = 5.0;
				TARGETED_DEVICE_FAMILY = 1;
			};
			name = Debug;
		};
		8A1BCC0F245F67C400AB1E0B /* Release */ = {
			isa = XCBuildConfiguration;
			buildSettings = {
				ASSETCATALOG_COMPILER_APPICON_NAME = AppIcon;
				CODE_SIGN_STYLE = Automatic;
				DEVELOPMENT_TEAM = "";
				INFOPLIST_FILE = MarvelHeroes/Info.plist;
				IPHONEOS_DEPLOYMENT_TARGET = 15.2;
				LD_RUNPATH_SEARCH_PATHS = (
					"$(inherited)",
					"@executable_path/Frameworks",
				);
				PRODUCT_BUNDLE_IDENTIFIER = net.andres.acevedo.Marvel;
				PRODUCT_NAME = "$(TARGET_NAME)";
				SUPPORTED_PLATFORMS = "iphoneos iphonesimulator";
				SUPPORTS_MACCATALYST = NO;
				SUPPORTS_MAC_DESIGNED_FOR_IPHONE_IPAD = NO;
				SWIFT_VERSION = 5.0;
				TARGETED_DEVICE_FAMILY = 1;
			};
			name = Release;
		};
/* End XCBuildConfiguration section */

/* Begin XCConfigurationList section */
		866AECDE27D415F50021CCF0 /* Build configuration list for PBXNativeTarget "MarvelHeroesTests" */ = {
			isa = XCConfigurationList;
			buildConfigurations = (
				866AECDF27D415F50021CCF0 /* Debug */,
				866AECE027D415F50021CCF0 /* Release */,
			);
			defaultConfigurationIsVisible = 0;
			defaultConfigurationName = Release;
		};
		8A1BCBF4245F67C300AB1E0B /* Build configuration list for PBXProject "MarvelHeroes" */ = {
			isa = XCConfigurationList;
			buildConfigurations = (
				8A1BCC0B245F67C400AB1E0B /* Debug */,
				8A1BCC0C245F67C400AB1E0B /* Release */,
			);
			defaultConfigurationIsVisible = 0;
			defaultConfigurationName = Release;
		};
		8A1BCC0D245F67C400AB1E0B /* Build configuration list for PBXNativeTarget "MarvelHeroes" */ = {
			isa = XCConfigurationList;
			buildConfigurations = (
				8A1BCC0E245F67C400AB1E0B /* Debug */,
				8A1BCC0F245F67C400AB1E0B /* Release */,
			);
			defaultConfigurationIsVisible = 0;
			defaultConfigurationName = Release;
		};
/* End XCConfigurationList section */
	};
	rootObject = 8A1BCBF1245F67C300AB1E0B /* Project object */;
}
